
Microsoft Visual Studio Solution File, Format Version 12.00
# Visual Studio 14
VisualStudioVersion = 14.0.25420.1
MinimumVisualStudioVersion = 10.0.40219.1
Project("{FAE04EC0-301F-11D3-BF4B-00C04F79EFBC}") = "Task1.LogicFibonacci", "Task1.LogicFibonacci\Task1.LogicFibonacci.csproj", "{E3B9233B-64BD-4101-ADC3-2D4D44E539A8}"
EndProject
Project("{FAE04EC0-301F-11D3-BF4B-00C04F79EFBC}") = "Task1.Tests", "Task1.Tests\Task1.Tests.csproj", "{EA33D10A-8ACA-4DDE-9D8B-A302F63CD157}"
EndProject
Project("{FAE04EC0-301F-11D3-BF4B-00C04F79EFBC}") = "Task2.Logic", "Task2.Logic\Task2.Logic.csproj", "{712B7D7F-4345-489A-A994-64523347F203}"
EndProject
Project("{FAE04EC0-301F-11D3-BF4B-00C04F79EFBC}") = "Task2.Logic.Tests", "Task2.Logic.Tests\Task2.Logic.Tests.csproj", "{F24925E8-7331-4037-9A42-C5C202B2E0A2}"
EndProject
Project("{FAE04EC0-301F-11D3-BF4B-00C04F79EFBC}") = "Task3.Logic", "Task3.Logic\Task3.Logic.csproj", "{93453FE1-346E-4791-B49B-06B839BAEF9D}"
EndProject
Project("{FAE04EC0-301F-11D3-BF4B-00C04F79EFBC}") = "Task3.Logic.Tests", "Task3.Logic.Tests\Task3.Logic.Tests.csproj", "{5BA2F372-DF7E-4F51-9BE4-9A197604D251}"
EndProject
Project("{2150E333-8FDC-42A3-9474-1A3956D46DE8}") = "Solution Items", "Solution Items", "{E5C4E1AF-63F5-4270-AEFE-382E3C2C6FA5}"
	ProjectSection(SolutionItems) = preProject
		README.md = README.md
	EndProjectSection
EndProject
Global
	GlobalSection(SolutionConfigurationPlatforms) = preSolution
		Debug|Any CPU = Debug|Any CPU
		Release|Any CPU = Release|Any CPU
	EndGlobalSection
	GlobalSection(ProjectConfigurationPlatforms) = postSolution
		{E3B9233B-64BD-4101-ADC3-2D4D44E539A8}.Debug|Any CPU.ActiveCfg = Debug|Any CPU
		{E3B9233B-64BD-4101-ADC3-2D4D44E539A8}.Debug|Any CPU.Build.0 = Debug|Any CPU
		{E3B9233B-64BD-4101-ADC3-2D4D44E539A8}.Release|Any CPU.ActiveCfg = Release|Any CPU
		{E3B9233B-64BD-4101-ADC3-2D4D44E539A8}.Release|Any CPU.Build.0 = Release|Any CPU
		{EA33D10A-8ACA-4DDE-9D8B-A302F63CD157}.Debug|Any CPU.ActiveCfg = Debug|Any CPU
		{EA33D10A-8ACA-4DDE-9D8B-A302F63CD157}.Debug|Any CPU.Build.0 = Debug|Any CPU
		{EA33D10A-8ACA-4DDE-9D8B-A302F63CD157}.Release|Any CPU.ActiveCfg = Release|Any CPU
		{EA33D10A-8ACA-4DDE-9D8B-A302F63CD157}.Release|Any CPU.Build.0 = Release|Any CPU
		{712B7D7F-4345-489A-A994-64523347F203}.Debug|Any CPU.ActiveCfg = Debug|Any CPU
		{712B7D7F-4345-489A-A994-64523347F203}.Debug|Any CPU.Build.0 = Debug|Any CPU
		{712B7D7F-4345-489A-A994-64523347F203}.Release|Any CPU.ActiveCfg = Release|Any CPU
		{712B7D7F-4345-489A-A994-64523347F203}.Release|Any CPU.Build.0 = Release|Any CPU
		{F24925E8-7331-4037-9A42-C5C202B2E0A2}.Debug|Any CPU.ActiveCfg = Debug|Any CPU
		{F24925E8-7331-4037-9A42-C5C202B2E0A2}.Debug|Any CPU.Build.0 = Debug|Any CPU
		{F24925E8-7331-4037-9A42-C5C202B2E0A2}.Release|Any CPU.ActiveCfg = Release|Any CPU
		{F24925E8-7331-4037-9A42-C5C202B2E0A2}.Release|Any CPU.Build.0 = Release|Any CPU
		{93453FE1-346E-4791-B49B-06B839BAEF9D}.Debug|Any CPU.ActiveCfg = Debug|Any CPU
		{93453FE1-346E-4791-B49B-06B839BAEF9D}.Debug|Any CPU.Build.0 = Debug|Any CPU
		{93453FE1-346E-4791-B49B-06B839BAEF9D}.Release|Any CPU.ActiveCfg = Release|Any CPU
		{93453FE1-346E-4791-B49B-06B839BAEF9D}.Release|Any CPU.Build.0 = Release|Any CPU
		{5BA2F372-DF7E-4F51-9BE4-9A197604D251}.Debug|Any CPU.ActiveCfg = Debug|Any CPU
		{5BA2F372-DF7E-4F51-9BE4-9A197604D251}.Debug|Any CPU.Build.0 = Debug|Any CPU
		{5BA2F372-DF7E-4F51-9BE4-9A197604D251}.Release|Any CPU.ActiveCfg = Release|Any CPU
		{5BA2F372-DF7E-4F51-9BE4-9A197604D251}.Release|Any CPU.Build.0 = Release|Any CPU
	EndGlobalSection
	GlobalSection(SolutionProperties) = preSolution
		HideSolutionNode = FALSE
	EndGlobalSection
EndGlobal
